
Microsoft Visual Studio Solution File, Format Version 12.00
# Visual Studio Version 16
VisualStudioVersion = 16.0.31702.278
MinimumVisualStudioVersion = 10.0.40219.1
Project("{FAE04EC0-301F-11D3-BF4B-00C04F79EFBC}") = "ConloseUI", "Final Prosjekt 2\ConloseUI.csproj", "{34BC08F1-EAD1-4894-87B9-BCAFEDDF4E64}"
EndProject
Project("{FAE04EC0-301F-11D3-BF4B-00C04F79EFBC}") = "Business", "Business\Business.csproj", "{854E3D88-A9C9-4F3D-86DF-AC7F206F0952}"
EndProject
Project("{FAE04EC0-301F-11D3-BF4B-00C04F79EFBC}") = "Core", "Core\Core.csproj", "{F4218BDC-A502-4AC8-B543-C20143B9FA61}"
EndProject
Project("{FAE04EC0-301F-11D3-BF4B-00C04F79EFBC}") = "DataAccess", "DataAccess\DataAccess.csproj", "{633E1983-96C2-4401-A619-862AEA0A39A2}"
EndProject
Project("{FAE04EC0-301F-11D3-BF4B-00C04F79EFBC}") = "Entities", "Entities\Entities.csproj", "{6865F1C3-AF0B-48F4-8204-8B63F66A1D30}"
EndProject
Global
	GlobalSection(SolutionConfigurationPlatforms) = preSolution
		Debug|Any CPU = Debug|Any CPU
		Release|Any CPU = Release|Any CPU
	EndGlobalSection
	GlobalSection(ProjectConfigurationPlatforms) = postSolution
		{34BC08F1-EAD1-4894-87B9-BCAFEDDF4E64}.Debug|Any CPU.ActiveCfg = Debug|Any CPU
		{34BC08F1-EAD1-4894-87B9-BCAFEDDF4E64}.Debug|Any CPU.Build.0 = Debug|Any CPU
		{34BC08F1-EAD1-4894-87B9-BCAFEDDF4E64}.Release|Any CPU.ActiveCfg = Release|Any CPU
		{34BC08F1-EAD1-4894-87B9-BCAFEDDF4E64}.Release|Any CPU.Build.0 = Release|Any CPU
		{854E3D88-A9C9-4F3D-86DF-AC7F206F0952}.Debug|Any CPU.ActiveCfg = Debug|Any CPU
		{854E3D88-A9C9-4F3D-86DF-AC7F206F0952}.Debug|Any CPU.Build.0 = Debug|Any CPU
		{854E3D88-A9C9-4F3D-86DF-AC7F206F0952}.Release|Any CPU.ActiveCfg = Release|Any CPU
		{854E3D88-A9C9-4F3D-86DF-AC7F206F0952}.Release|Any CPU.Build.0 = Release|Any CPU
		{F4218BDC-A502-4AC8-B543-C20143B9FA61}.Debug|Any CPU.ActiveCfg = Debug|Any CPU
		{F4218BDC-A502-4AC8-B543-C20143B9FA61}.Debug|Any CPU.Build.0 = Debug|Any CPU
		{F4218BDC-A502-4AC8-B543-C20143B9FA61}.Release|Any CPU.ActiveCfg = Release|Any CPU
		{F4218BDC-A502-4AC8-B543-C20143B9FA61}.Release|Any CPU.Build.0 = Release|Any CPU
		{633E1983-96C2-4401-A619-862AEA0A39A2}.Debug|Any CPU.ActiveCfg = Debug|Any CPU
		{633E1983-96C2-4401-A619-862AEA0A39A2}.Debug|Any CPU.Build.0 = Debug|Any CPU
		{633E1983-96C2-4401-A619-862AEA0A39A2}.Release|Any CPU.ActiveCfg = Release|Any CPU
		{633E1983-96C2-4401-A619-862AEA0A39A2}.Release|Any CPU.Build.0 = Release|Any CPU
		{6865F1C3-AF0B-48F4-8204-8B63F66A1D30}.Debug|Any CPU.ActiveCfg = Debug|Any CPU
		{6865F1C3-AF0B-48F4-8204-8B63F66A1D30}.Debug|Any CPU.Build.0 = Debug|Any CPU
		{6865F1C3-AF0B-48F4-8204-8B63F66A1D30}.Release|Any CPU.ActiveCfg = Release|Any CPU
		{6865F1C3-AF0B-48F4-8204-8B63F66A1D30}.Release|Any CPU.Build.0 = Release|Any CPU
	EndGlobalSection
	GlobalSection(SolutionProperties) = preSolution
		HideSolutionNode = FALSE
	EndGlobalSection
	GlobalSection(ExtensibilityGlobals) = postSolution
		SolutionGuid = {BA2254B3-14FC-4DA1-8A06-7F4413AC9FA4}
	EndGlobalSection
EndGlobal
